# @generated - this file is auto-generated by `mise lock` https://mise.en.dev/dev-tools/mise-lock.html

[[tools.actionlint]]
version = "1.7.12"
backend = "aqua:rhysd/actionlint"

[tools.actionlint."platforms.linux-arm64"]
checksum = "sha256:325e971b6ba9bfa504672e29be93c24981eeb1c07576d730e9f7c8805afff0c6"
url = "https://github.com/rhysd/actionlint/releases/download/v1.7.12/actionlint_1.7.12_linux_arm64.tar.gz"
provenance = "github-attestations"

[tools.actionlint."platforms.linux-x64"]
checksum = "sha256:8aca8db96f1b94770f1b0d72b6dddcb1ebb8123cb3712530b08cc387b349a3d8"
url = "https://github.com/rhysd/actionlint/releases/download/v1.7.12/actionlint_1.7.12_linux_amd64.tar.gz"
provenance = "github-attestations"

[tools.actionlint."platforms.macos-arm64"]
checksum = "sha256:aba9ced2dee8d27fecca3dc7feb1a7f9a52caefa1eb46f3271ea66b6e0e6953f"
url = "https://github.com/rhysd/actionlint/releases/download/v1.7.12/actionlint_1.7.12_darwin_arm64.tar.gz"
provenance = "github-attestations"

[[tools.dprint]]
version = "0.56.1"
backend = "aqua:dprint/dprint"

[tools.dprint."platforms.linux-arm64"]
checksum = "sha256:e9dc29baca00edf30d66b1b7a8de490c3a1bda4091bbc7b69f01f4a88db06c01"
url = "https://github.com/dprint/dprint/releases/download/0.56.1/dprint-aarch64-unknown-linux-gnu.zip"
url_api = "https://api.github.com/repos/dprint/dprint/releases/assets/524191407"

[tools.dprint."platforms.linux-x64"]
checksum = "sha256:51729ee501593c84e2a2e8233f55959edf2bbd95cbb3998e9f8a81ecad942dba"
url = "https://github.com/dprint/dprint/releases/download/0.56.1/dprint-x86_64-unknown-linux-gnu.zip"
url_api = "https://api.github.com/repos/dprint/dprint/releases/assets/524191408"

[tools.dprint."platforms.macos-arm64"]
checksum = "sha256:c9af77af134987fada60344e8b9f23b2238081f7eea94a7bcd53ec49369354f6"
url = "https://github.com/dprint/dprint/releases/download/0.56.1/dprint-aarch64-apple-darwin.zip"
url_api = "https://api.github.com/repos/dprint/dprint/releases/assets/524191394"

[[tools.prek]]
version = "0.5.0"
backend = "aqua:j178/prek"

[tools.prek."platforms.linux-arm64"]
checksum = "sha256:c8748e2e33b3bcf43713842565c51fc56b49c00b570f30c5cfbb7af428bfa780"
url = "https://github.com/j178/prek/releases/download/v0.5.0/prek-aarch64-unknown-linux-gnu.tar.gz"
url_api = "https://api.github.com/repos/j178/prek/releases/assets/531708943"
provenance = "github-attestations"

[tools.prek."platforms.linux-x64"]
checksum = "sha256:b9b97fec40013d096a3a4f3914b8d7d467758eab923917cb43302c0219600997"
url = "https://github.com/j178/prek/releases/download/v0.5.0/prek-x86_64-unknown-linux-gnu.tar.gz"
url_api = "https://api.github.com/repos/j178/prek/releases/assets/531708995"
provenance = "github-attestations"

[tools.prek."platforms.macos-arm64"]
checksum = "sha256:73947efd142420dc1ad2856d155385b3fd54b88ba8bb769187dc8b359cc94681"
url = "https://github.com/j178/prek/releases/download/v0.5.0/prek-aarch64-apple-darwin.tar.gz"
url_api = "https://api.github.com/repos/j178/prek/releases/assets/531708937"
provenance = "github-attestations"

[[tools.shellcheck]]
version = "0.11.0"
backend = "aqua:koalaman/shellcheck"

[tools.shellcheck."platforms.linux-arm64"]
checksum = "sha256:12b331c1d2db6b9eb13cfca64306b1b157a86eb69db83023e261eaa7e7c14588"
url = "https://github.com/koalaman/shellcheck/releases/download/v0.11.0/shellcheck-v0.11.0.linux.aarch64.tar.xz"

[tools.shellcheck."platforms.linux-x64"]
checksum = "sha256:8c3be12b05d5c177a04c29e3c78ce89ac86f1595681cab149b65b97c4e227198"
url = "https://github.com/koalaman/shellcheck/releases/download/v0.11.0/shellcheck-v0.11.0.linux.x86_64.tar.xz"

[tools.shellcheck."platforms.macos-arm64"]
checksum = "sha256:56affdd8de5527894dca6dc3d7e0a99a873b0f004d7aabc30ae407d3f48b0a79"
url = "https://github.com/koalaman/shellcheck/releases/download/v0.11.0/shellcheck-v0.11.0.darwin.aarch64.tar.xz"

[[tools.trufflehog]]
version = "v3.97.1"
backend = "aqua:trufflesecurity/trufflehog"

[tools.trufflehog."platforms.linux-arm64"]
checksum = "sha256:57bfcc0988aae3f2ef97e74abe1138cf37a8fbd84dd26299062c77a6a6b125dd"
url = "https://github.com/trufflesecurity/trufflehog/releases/download/v3.97.1/trufflehog_3.97.1_linux_arm64.tar.gz"
url_api = "https://api.github.com/repos/trufflesecurity/trufflehog/releases/assets/527918234"

[tools.trufflehog."platforms.linux-x64"]
checksum = "sha256:f863ea3a8d786f7d097870496c977944cce7372a2fe1e56707d965016e543ece"
url = "https://github.com/trufflesecurity/trufflehog/releases/download/v3.97.1/trufflehog_3.97.1_linux_amd64.tar.gz"
url_api = "https://api.github.com/repos/trufflesecurity/trufflehog/releases/assets/527918235"

[tools.trufflehog."platforms.macos-arm64"]
checksum = "sha256:1af86cf30c1cc5c1735ec6af9292b399ec9bed3ff1b30be13fcbfd4a30ab449a"
url = "https://github.com/trufflesecurity/trufflehog/releases/download/v3.97.1/trufflehog_3.97.1_darwin_arm64.tar.gz"
url_api = "https://api.github.com/repos/trufflesecurity/trufflehog/releases/assets/527918239"

[[tools.zizmor]]
version = "1.29.0"
backend = "aqua:zizmorcore/zizmor"

[tools.zizmor."platforms.linux-arm64"]
checksum = "sha256:415eaa7c0a06479a701b8e44a3e812c1047decc848ec4bede7bd6bbf49f22d20"
url = "https://github.com/zizmorcore/zizmor/releases/download/v1.29.0/zizmor-aarch64-unknown-linux-gnu.tar.gz"
url_api = "https://api.github.com/repos/zizmorcore/zizmor/releases/assets/498263143"
provenance = "github-attestations"

[tools.zizmor."platforms.linux-x64"]
checksum = "sha256:dd96df044a6e8538d5f423790f453bdd03d49e5b2bcc38214acc41a2f1297839"
url = "https://github.com/zizmorcore/zizmor/releases/download/v1.29.0/zizmor-x86_64-unknown-linux-gnu.tar.gz"
url_api = "https://api.github.com/repos/zizmorcore/zizmor/releases/assets/498263145"
provenance = "github-attestations"

[tools.zizmor."platforms.macos-arm64"]
checksum = "sha256:720322fade9e83a9c7953944c438f2ba942636b86b96a8f0e6b15ce94c8a6b6f"
url = "https://github.com/zizmorcore/zizmor/releases/download/v1.29.0/zizmor-aarch64-apple-darwin.tar.gz"
url_api = "https://api.github.com/repos/zizmorcore/zizmor/releases/assets/498263141"
provenance = "github-attestations"
