# @generated - this file is auto-generated by `mise lock` https://mise.en.dev/dev-tools/mise-lock.html

[[tools.actionlint]]
version = "1.7.12"
backend = "aqua:rhysd/actionlint"

[tools.actionlint."platforms.linux-arm64"]
checksum = "sha256:325e971b6ba9bfa504672e29be93c24981eeb1c07576d730e9f7c8805afff0c6"
url = "https://github.com/rhysd/actionlint/releases/download/v1.7.12/actionlint_1.7.12_linux_arm64.tar.gz"
provenance = "github-attestations"

[tools.actionlint."platforms.linux-x64"]
checksum = "sha256:8aca8db96f1b94770f1b0d72b6dddcb1ebb8123cb3712530b08cc387b349a3d8"
url = "https://github.com/rhysd/actionlint/releases/download/v1.7.12/actionlint_1.7.12_linux_amd64.tar.gz"
provenance = "github-attestations"

[tools.actionlint."platforms.macos-arm64"]
checksum = "sha256:aba9ced2dee8d27fecca3dc7feb1a7f9a52caefa1eb46f3271ea66b6e0e6953f"
url = "https://github.com/rhysd/actionlint/releases/download/v1.7.12/actionlint_1.7.12_darwin_arm64.tar.gz"
provenance = "github-attestations"

[[tools.dprint]]
version = "0.57.0"
backend = "aqua:dprint/dprint"

[tools.dprint."platforms.linux-arm64"]
checksum = "sha256:76f01495dae94d531e9ebd5e97977ae9a8edc8d7fc8ae8a479d34715617cb69d"
url = "https://github.com/dprint/dprint/releases/download/0.57.0/dprint-aarch64-unknown-linux-gnu.zip"
url_api = "https://api.github.com/repos/dprint/dprint/releases/assets/536956629"

[tools.dprint."platforms.linux-x64"]
checksum = "sha256:f6275d992123e94a96ebfd0a0921aee6c7f37314e54f30ff360764cde44677bc"
url = "https://github.com/dprint/dprint/releases/download/0.57.0/dprint-x86_64-unknown-linux-gnu.zip"
url_api = "https://api.github.com/repos/dprint/dprint/releases/assets/536956631"

[tools.dprint."platforms.macos-arm64"]
checksum = "sha256:14bdbfb9b1e3ebd614d5ec08a068b04b0d0370d70c112723003dd9103a4c0c3a"
url = "https://github.com/dprint/dprint/releases/download/0.57.0/dprint-aarch64-apple-darwin.zip"
url_api = "https://api.github.com/repos/dprint/dprint/releases/assets/536956636"

[[tools.prek]]
version = "0.5.1"
backend = "aqua:j178/prek"

[tools.prek."platforms.linux-arm64"]
checksum = "sha256:80f555f9b54c3d1bdefbdf6767e52839361fc5fe5520fd2fd9b9046b3d45ac7c"
url = "https://github.com/j178/prek/releases/download/v0.5.1/prek-aarch64-unknown-linux-gnu.tar.gz"
url_api = "https://api.github.com/repos/j178/prek/releases/assets/538950413"
provenance = "github-attestations"

[tools.prek."platforms.linux-x64"]
checksum = "sha256:6506df452f0ad0111303d45e3a51ef27248a083e58d8fabf59c293781bec4f00"
url = "https://github.com/j178/prek/releases/download/v0.5.1/prek-x86_64-unknown-linux-gnu.tar.gz"
url_api = "https://api.github.com/repos/j178/prek/releases/assets/538950443"
provenance = "github-attestations"

[tools.prek."platforms.macos-arm64"]
checksum = "sha256:9e5384f128d8731203d7cdd683e2786c269ac5c9dc04d5962f7d078966b16177"
url = "https://github.com/j178/prek/releases/download/v0.5.1/prek-aarch64-apple-darwin.tar.gz"
url_api = "https://api.github.com/repos/j178/prek/releases/assets/538950398"
provenance = "github-attestations"

[[tools.shellcheck]]
version = "0.11.0"
backend = "aqua:koalaman/shellcheck"

[tools.shellcheck."platforms.linux-arm64"]
checksum = "sha256:12b331c1d2db6b9eb13cfca64306b1b157a86eb69db83023e261eaa7e7c14588"
url = "https://github.com/koalaman/shellcheck/releases/download/v0.11.0/shellcheck-v0.11.0.linux.aarch64.tar.xz"

[tools.shellcheck."platforms.linux-x64"]
checksum = "sha256:8c3be12b05d5c177a04c29e3c78ce89ac86f1595681cab149b65b97c4e227198"
url = "https://github.com/koalaman/shellcheck/releases/download/v0.11.0/shellcheck-v0.11.0.linux.x86_64.tar.xz"

[tools.shellcheck."platforms.macos-arm64"]
checksum = "sha256:56affdd8de5527894dca6dc3d7e0a99a873b0f004d7aabc30ae407d3f48b0a79"
url = "https://github.com/koalaman/shellcheck/releases/download/v0.11.0/shellcheck-v0.11.0.darwin.aarch64.tar.xz"

[[tools.trufflehog]]
version = "v3.97.1"
backend = "aqua:trufflesecurity/trufflehog"

[tools.trufflehog."platforms.linux-arm64"]
checksum = "sha256:57bfcc0988aae3f2ef97e74abe1138cf37a8fbd84dd26299062c77a6a6b125dd"
url = "https://github.com/trufflesecurity/trufflehog/releases/download/v3.97.1/trufflehog_3.97.1_linux_arm64.tar.gz"
url_api = "https://api.github.com/repos/trufflesecurity/trufflehog/releases/assets/527918234"

[tools.trufflehog."platforms.linux-x64"]
checksum = "sha256:f863ea3a8d786f7d097870496c977944cce7372a2fe1e56707d965016e543ece"
url = "https://github.com/trufflesecurity/trufflehog/releases/download/v3.97.1/trufflehog_3.97.1_linux_amd64.tar.gz"
url_api = "https://api.github.com/repos/trufflesecurity/trufflehog/releases/assets/527918235"

[tools.trufflehog."platforms.macos-arm64"]
checksum = "sha256:1af86cf30c1cc5c1735ec6af9292b399ec9bed3ff1b30be13fcbfd4a30ab449a"
url = "https://github.com/trufflesecurity/trufflehog/releases/download/v3.97.1/trufflehog_3.97.1_darwin_arm64.tar.gz"
url_api = "https://api.github.com/repos/trufflesecurity/trufflehog/releases/assets/527918239"

[[tools.zizmor]]
version = "1.30.0"
backend = "aqua:zizmorcore/zizmor"

[tools.zizmor."platforms.linux-arm64"]
checksum = "sha256:018a024d6b6d09733b07f6ef42838d984c23ec04bc9b2acd55f7d67826aeafe5"
url = "https://github.com/zizmorcore/zizmor/releases/download/v1.30.0/zizmor-aarch64-unknown-linux-gnu.tar.gz"
url_api = "https://api.github.com/repos/zizmorcore/zizmor/releases/assets/537081734"
provenance = "github-attestations"

[tools.zizmor."platforms.linux-x64"]
checksum = "sha256:ec8c95cd800845abb9bbc5f377ec7c57d2eb8e2386a00a201d3a74ee4092e5ed"
url = "https://github.com/zizmorcore/zizmor/releases/download/v1.30.0/zizmor-x86_64-unknown-linux-gnu.tar.gz"
url_api = "https://api.github.com/repos/zizmorcore/zizmor/releases/assets/537081732"
provenance = "github-attestations"

[tools.zizmor."platforms.macos-arm64"]
checksum = "sha256:c9c5d83730efb86f2cd71b487605c00a4d63903e4f9458485ed5eac3b1924ab1"
url = "https://github.com/zizmorcore/zizmor/releases/download/v1.30.0/zizmor-aarch64-apple-darwin.tar.gz"
url_api = "https://api.github.com/repos/zizmorcore/zizmor/releases/assets/537081737"
provenance = "github-attestations"
